Microsoft Visual Studio Solution File, Format Version 12.00
# Visual Studio Version 17
Project("{FAE04EC0-301F-11D3-BF4B-00C04F79EFBC}") = "NonMVC_Calculator", "NonMVC_Calculator\NonMVC_Calculator.csproj", "{8B687AF9-28B7-4DE6-B738-337038418D8C}"
EndProject
Project("{FAE04EC0-301F-11D3-BF4B-00C04F79EFBC}") = "MVC_Calculator", "MVC_Calculator\MVC_Calculator.csproj", "{23F34B7C-39A1-4639-AB83-B440CE60C71F}"
EndProject
Global
    GlobalSection(SolutionConfigurationPlatforms) = preSolution
        Debug|Any CPU = Debug|Any CPU
    EndGlobalSection
    GlobalSection(ProjectConfigurationPlatforms) = postSolution
        {8B687AF9-28B7-4DE6-B738-337038418D8C}.Debug|Any CPU.ActiveCfg = Debug|AnyCPU
        {8B687AF9-28B7-4DE6-B738-337038418D8C}.Debug|Any CPU.Build.0 = Debug|AnyCPU
        {23F34B7C-39A1-4639-AB83-B440CE60C71F}.Debug|Any CPU.ActiveCfg = Debug|AnyCPU
        {23F34B7C-39A1-4639-AB83-B440CE60C71F}.Debug|Any CPU.Build.0 = Debug|AnyCPU
    EndGlobalSection
EndGlobal
